
Microsoft Visual Studio Solution File, Format Version 12.00
# Visual Studio Version 16
VisualStudioVersion = 16.0.28803.202
MinimumVisualStudioVersion = 10.0.40219.1
Project("{FAE04EC0-301F-11D3-BF4B-00C04F79EFBC}") = "TechnicalAssignment.Service", "TechnicalAssignment.Service\TechnicalAssignment.Service.csproj", "{D3F6C9D7-201C-4CCF-B666-ECBA6D8666E5}"
	ProjectSection(ProjectDependencies) = postProject
		{610451D7-7DAC-4AA9-844D-A089A711D536} = {610451D7-7DAC-4AA9-844D-A089A711D536}
		{D01534ED-7655-432F-8E79-2EC095542BAD} = {D01534ED-7655-432F-8E79-2EC095542BAD}
	EndProjectSection
EndProject
Project("{FAE04EC0-301F-11D3-BF4B-00C04F79EFBC}") = "TechnicalAssignment.Tests", "TechnicalAssignment.Tests\TechnicalAssignment.Tests.csproj", "{03DE6EB9-419C-4A9C-ACCC-B7E0DCA3CB8B}"
EndProject
Project("{FAE04EC0-301F-11D3-BF4B-00C04F79EFBC}") = "TechnicalAssignment.Domain", "TechnicalAssignment.Domain\TechnicalAssignment.Domain.csproj", "{D64C2D1F-6596-48EA-8D31-7BBA103CF339}"
EndProject
Project("{FAE04EC0-301F-11D3-BF4B-00C04F79EFBC}") = "TechnicalAssignment.BusinessLogic", "TechnicalAssignment.BusinessLogic\TechnicalAssignment.BusinessLogic.csproj", "{D75E372B-F298-49FC-A68D-8AF44FEBAED2}"
EndProject
Project("{FAE04EC0-301F-11D3-BF4B-00C04F79EFBC}") = "TechnicalAssignment.Repository", "TechnicalAssignment.Repository\TechnicalAssignment.Repository.csproj", "{D01534ED-7655-432F-8E79-2EC095542BAD}"
EndProject
Project("{FAE04EC0-301F-11D3-BF4B-00C04F79EFBC}") = "TechnicalAssignment.DataAccess", "TechnicalAssignment.DataAccess\TechnicalAssignment.DataAccess.csproj", "{610451D7-7DAC-4AA9-844D-A089A711D536}"
EndProject
Project("{FAE04EC0-301F-11D3-BF4B-00C04F79EFBC}") = "TechnicalAssignment.IoC", "TechnicalAssignment.IoC\TechnicalAssignment.IoC.csproj", "{A7193E3E-0447-4A35-9DC2-445E2319A537}"
EndProject
Project("{FAE04EC0-301F-11D3-BF4B-00C04F79EFBC}") = "TechnicalAssignment.Utils", "TechnicalAssignment.Utils\TechnicalAssignment.Utils.csproj", "{DEAAAEBC-BFFB-4FFD-953F-90999008D7C2}"
EndProject
Global
	GlobalSection(SolutionConfigurationPlatforms) = preSolution
		Debug|Any CPU = Debug|Any CPU
		Release|Any CPU = Release|Any CPU
	EndGlobalSection
	GlobalSection(ProjectConfigurationPlatforms) = postSolution
		{D3F6C9D7-201C-4CCF-B666-ECBA6D8666E5}.Debug|Any CPU.ActiveCfg = Debug|Any CPU
		{D3F6C9D7-201C-4CCF-B666-ECBA6D8666E5}.Debug|Any CPU.Build.0 = Debug|Any CPU
		{D3F6C9D7-201C-4CCF-B666-ECBA6D8666E5}.Release|Any CPU.ActiveCfg = Release|Any CPU
		{D3F6C9D7-201C-4CCF-B666-ECBA6D8666E5}.Release|Any CPU.Build.0 = Release|Any CPU
		{03DE6EB9-419C-4A9C-ACCC-B7E0DCA3CB8B}.Debug|Any CPU.ActiveCfg = Debug|Any CPU
		{03DE6EB9-419C-4A9C-ACCC-B7E0DCA3CB8B}.Debug|Any CPU.Build.0 = Debug|Any CPU
		{03DE6EB9-419C-4A9C-ACCC-B7E0DCA3CB8B}.Release|Any CPU.ActiveCfg = Release|Any CPU
		{03DE6EB9-419C-4A9C-ACCC-B7E0DCA3CB8B}.Release|Any CPU.Build.0 = Release|Any CPU
		{D64C2D1F-6596-48EA-8D31-7BBA103CF339}.Debug|Any CPU.ActiveCfg = Debug|Any CPU
		{D64C2D1F-6596-48EA-8D31-7BBA103CF339}.Debug|Any CPU.Build.0 = Debug|Any CPU
		{D64C2D1F-6596-48EA-8D31-7BBA103CF339}.Release|Any CPU.ActiveCfg = Release|Any CPU
		{D64C2D1F-6596-48EA-8D31-7BBA103CF339}.Release|Any CPU.Build.0 = Release|Any CPU
		{D75E372B-F298-49FC-A68D-8AF44FEBAED2}.Debug|Any CPU.ActiveCfg = Debug|Any CPU
		{D75E372B-F298-49FC-A68D-8AF44FEBAED2}.Debug|Any CPU.Build.0 = Debug|Any CPU
		{D75E372B-F298-49FC-A68D-8AF44FEBAED2}.Release|Any CPU.ActiveCfg = Release|Any CPU
		{D75E372B-F298-49FC-A68D-8AF44FEBAED2}.Release|Any CPU.Build.0 = Release|Any CPU
		{D01534ED-7655-432F-8E79-2EC095542BAD}.Debug|Any CPU.ActiveCfg = Debug|Any CPU
		{D01534ED-7655-432F-8E79-2EC095542BAD}.Debug|Any CPU.Build.0 = Debug|Any CPU
		{D01534ED-7655-432F-8E79-2EC095542BAD}.Release|Any CPU.ActiveCfg = Release|Any CPU
		{D01534ED-7655-432F-8E79-2EC095542BAD}.Release|Any CPU.Build.0 = Release|Any CPU
		{610451D7-7DAC-4AA9-844D-A089A711D536}.Debug|Any CPU.ActiveCfg = Debug|Any CPU
		{610451D7-7DAC-4AA9-844D-A089A711D536}.Debug|Any CPU.Build.0 = Debug|Any CPU
		{610451D7-7DAC-4AA9-844D-A089A711D536}.Release|Any CPU.ActiveCfg = Release|Any CPU
		{610451D7-7DAC-4AA9-844D-A089A711D536}.Release|Any CPU.Build.0 = Release|Any CPU
		{A7193E3E-0447-4A35-9DC2-445E2319A537}.Debug|Any CPU.ActiveCfg = Debug|Any CPU
		{A7193E3E-0447-4A35-9DC2-445E2319A537}.Debug|Any CPU.Build.0 = Debug|Any CPU
		{A7193E3E-0447-4A35-9DC2-445E2319A537}.Release|Any CPU.ActiveCfg = Release|Any CPU
		{A7193E3E-0447-4A35-9DC2-445E2319A537}.Release|Any CPU.Build.0 = Release|Any CPU
		{DEAAAEBC-BFFB-4FFD-953F-90999008D7C2}.Debug|Any CPU.ActiveCfg = Debug|Any CPU
		{DEAAAEBC-BFFB-4FFD-953F-90999008D7C2}.Debug|Any CPU.Build.0 = Debug|Any CPU
		{DEAAAEBC-BFFB-4FFD-953F-90999008D7C2}.Release|Any CPU.ActiveCfg = Release|Any CPU
		{DEAAAEBC-BFFB-4FFD-953F-90999008D7C2}.Release|Any CPU.Build.0 = Release|Any CPU
	EndGlobalSection
	GlobalSection(SolutionProperties) = preSolution
		HideSolutionNode = FALSE
	EndGlobalSection
	GlobalSection(ExtensibilityGlobals) = postSolution
		SolutionGuid = {816CF7BA-770F-48A2-8C31-104A0272E5F0}
	EndGlobalSection
EndGlobal
